
Microsoft Visual Studio Solution File, Format Version 12.00
# Visual Studio Version 16
VisualStudioVersion = 16.0.33027.164
MinimumVisualStudioVersion = 10.0.40219.1
Project("{FAE04EC0-301F-11D3-BF4B-00C04F79EFBC}") = "lab4ex7", "lab4ex7\lab4ex7.csproj", "{53788386-94A3-4B0E-B259-95BBDF6A3472}"
EndProject
Global
	GlobalSection(SolutionConfigurationPlatforms) = preSolution
		Debug|Any CPU = Debug|Any CPU
		Release|Any CPU = Release|Any CPU
	EndGlobalSection
	GlobalSection(ProjectConfigurationPlatforms) = postSolution
		{53788386-94A3-4B0E-B259-95BBDF6A3472}.Debug|Any CPU.ActiveCfg = Debug|Any CPU
		{53788386-94A3-4B0E-B259-95BBDF6A3472}.Debug|Any CPU.Build.0 = Debug|Any CPU
		{53788386-94A3-4B0E-B259-95BBDF6A3472}.Release|Any CPU.ActiveCfg = Release|Any CPU
		{53788386-94A3-4B0E-B259-95BBDF6A3472}.Release|Any CPU.Build.0 = Release|Any CPU
	EndGlobalSection
	GlobalSection(SolutionProperties) = preSolution
		HideSolutionNode = FALSE
	EndGlobalSection
	GlobalSection(ExtensibilityGlobals) = postSolution
		SolutionGuid = {C44A824A-FEE3-4E5C-8ECA-90BEC7B6FA84}
	EndGlobalSection
EndGlobal
